
Microsoft Visual Studio Solution File, Format Version 12.00
# Visual Studio Version 17
VisualStudioVersion = 17.3.32929.385
MinimumVisualStudioVersion = 10.0.40219.1
Project("{FAE04EC0-301F-11D3-BF4B-00C04F79EFBC}") = "A3_EmployeeManagementSystem", "A3_EmployeeManagementSystem\A3_EmployeeManagementSystem.csproj", "{049534AB-D8E3-436E-ACAF-F454F07B4F4A}"
EndProject
Global
	GlobalSection(SolutionConfigurationPlatforms) = preSolution
		Debug|Any CPU = Debug|Any CPU
		Release|Any CPU = Release|Any CPU
	EndGlobalSection
	GlobalSection(ProjectConfigurationPlatforms) = postSolution
		{049534AB-D8E3-436E-ACAF-F454F07B4F4A}.Debug|Any CPU.ActiveCfg = Debug|Any CPU
		{049534AB-D8E3-436E-ACAF-F454F07B4F4A}.Debug|Any CPU.Build.0 = Debug|Any CPU
		{049534AB-D8E3-436E-ACAF-F454F07B4F4A}.Release|Any CPU.ActiveCfg = Release|Any CPU
		{049534AB-D8E3-436E-ACAF-F454F07B4F4A}.Release|Any CPU.Build.0 = Release|Any CPU
	EndGlobalSection
	GlobalSection(SolutionProperties) = preSolution
		HideSolutionNode = FALSE
	EndGlobalSection
	GlobalSection(ExtensibilityGlobals) = postSolution
		SolutionGuid = {D8B2C6CF-F623-46EE-86FC-5274286C7FAD}
	EndGlobalSection
EndGlobal
